
Microsoft Visual Studio Solution File, Format Version 12.00
# Visual Studio Version 16
VisualStudioVersion = 16.0.31624.102
MinimumVisualStudioVersion = 10.0.40219.1
Project("{9A19103F-16F7-4668-BE54-9A1E7A4F7556}") = "VideoGame.RESTAPI", "VideoGame.RESTAPI\VideoGame.RESTAPI.csproj", "{22BCF432-BDB6-4527-8917-C04A8505A33A}"
EndProject
Project("{2150E333-8FDC-42A3-9474-1A3956D46DE8}") = "Solution Items", "Solution Items", "{0CED6BC6-53AB-4E44-AA3B-55BD20702839}"
	ProjectSection(SolutionItems) = preProject
		ReadMe.md = ReadMe.md
	EndProjectSection
EndProject
Project("{9A19103F-16F7-4668-BE54-9A1E7A4F7556}") = "VideoGame.DAL", "VideoGame.DAL\VideoGame.DAL.csproj", "{93B10075-431B-449F-8225-30E52832C4C4}"
EndProject
Global
	GlobalSection(SolutionConfigurationPlatforms) = preSolution
		Debug|Any CPU = Debug|Any CPU
		Release|Any CPU = Release|Any CPU
	EndGlobalSection
	GlobalSection(ProjectConfigurationPlatforms) = postSolution
		{22BCF432-BDB6-4527-8917-C04A8505A33A}.Debug|Any CPU.ActiveCfg = Debug|Any CPU
		{22BCF432-BDB6-4527-8917-C04A8505A33A}.Debug|Any CPU.Build.0 = Debug|Any CPU
		{22BCF432-BDB6-4527-8917-C04A8505A33A}.Release|Any CPU.ActiveCfg = Release|Any CPU
		{22BCF432-BDB6-4527-8917-C04A8505A33A}.Release|Any CPU.Build.0 = Release|Any CPU
		{93B10075-431B-449F-8225-30E52832C4C4}.Debug|Any CPU.ActiveCfg = Debug|Any CPU
		{93B10075-431B-449F-8225-30E52832C4C4}.Debug|Any CPU.Build.0 = Debug|Any CPU
		{93B10075-431B-449F-8225-30E52832C4C4}.Release|Any CPU.ActiveCfg = Release|Any CPU
		{93B10075-431B-449F-8225-30E52832C4C4}.Release|Any CPU.Build.0 = Release|Any CPU
	EndGlobalSection
	GlobalSection(SolutionProperties) = preSolution
		HideSolutionNode = FALSE
	EndGlobalSection
	GlobalSection(ExtensibilityGlobals) = postSolution
		SolutionGuid = {95FB3426-3C35-46D1-B374-BD533CB08B51}
	EndGlobalSection
EndGlobal
